// !$*UTF8*$!
{
	archiveVersion = 1;
	classes = {
	};
	objectVersion = 56;
	objects = {

/* Begin PBXBuildFile section */
		EB1679C52D1C168100AD93A7 /* DogDetailViewModel.swift in Sources */ = {isa = PBXBuildFile; fileRef = EB1679C42D1C168100AD93A7 /* DogDetailViewModel.swift */; };
		EB1679C82D1C169F00AD93A7 /* DogDetailViewController.swift in Sources */ = {isa = PBXBuildFile; fileRef = EB1679C72D1C169F00AD93A7 /* DogDetailViewController.swift */; };
		EB1679CA2D1C259F00AD93A7 /* DogDetailModel.swift in Sources */ = {isa = PBXBuildFile; fileRef = EB1679C92D1C259F00AD93A7 /* DogDetailModel.swift */; };
		EB2AAF0D2D116829007C3E03 /* AppCoordinator.swift in Sources */ = {isa = PBXBuildFile; fileRef = EB2AAEEB2D116829007C3E03 /* AppCoordinator.swift */; };
		EB2AAF0E2D116829007C3E03 /* NetworkService.swift in Sources */ = {isa = PBXBuildFile; fileRef = EB2AAEEE2D116829007C3E03 /* NetworkService.swift */; };
		EB2AAF102D116829007C3E03 /* NetworkError.swift in Sources */ = {isa = PBXBuildFile; fileRef = EB2AAEF02D116829007C3E03 /* NetworkError.swift */; };
		EB2AAF112D116829007C3E03 /* RealmManager.swift in Sources */ = {isa = PBXBuildFile; fileRef = EB2AAEF22D116829007C3E03 /* RealmManager.swift */; };
		EB2AAF122D116829007C3E03 /* DogsService.swift in Sources */ = {isa = PBXBuildFile; fileRef = EB2AAEF42D116829007C3E03 /* DogsService.swift */; };
		EB2AAF132D116829007C3E03 /* Constants.swift in Sources */ = {isa = PBXBuildFile; fileRef = EB2AAEF62D116829007C3E03 /* Constants.swift */; };
		EB2AAF142D116829007C3E03 /* ThemeManager.swift in Sources */ = {isa = PBXBuildFile; fileRef = EB2AAEF72D116829007C3E03 /* ThemeManager.swift */; };
		EB2AAF152D116829007C3E03 /* String+Extensions.swift in Sources */ = {isa = PBXBuildFile; fileRef = EB2AAEFA2D116829007C3E03 /* String+Extensions.swift */; };
		EB2AAF172D116829007C3E03 /* CustomButton.swift in Sources */ = {isa = PBXBuildFile; fileRef = EB2AAEFF2D116829007C3E03 /* CustomButton.swift */; };
		EB2AAF182D116829007C3E03 /* DateHelper.swift in Sources */ = {isa = PBXBuildFile; fileRef = EB2AAF012D116829007C3E03 /* DateHelper.swift */; };
		EB2AAF192D116829007C3E03 /* LoginViewController.swift in Sources */ = {isa = PBXBuildFile; fileRef = EB2AAF042D116829007C3E03 /* LoginViewController.swift */; };
		EB2AAF1A2D116829007C3E03 /* LoginViewModel.swift in Sources */ = {isa = PBXBuildFile; fileRef = EB2AAF052D116829007C3E03 /* LoginViewModel.swift */; };
		EB2AAF1B2D116829007C3E03 /* ProfileViewController.swift in Sources */ = {isa = PBXBuildFile; fileRef = EB2AAF072D116829007C3E03 /* ProfileViewController.swift */; };
		EB2AAF1C2D116829007C3E03 /* ProfileViewModel.swift in Sources */ = {isa = PBXBuildFile; fileRef = EB2AAF082D116829007C3E03 /* ProfileViewModel.swift */; };
		EB2AAF1F2D11A61E007C3E03 /* CustomTextField.swift in Sources */ = {isa = PBXBuildFile; fileRef = EB2AAF1E2D11A61E007C3E03 /* CustomTextField.swift */; };
		EB2AAF212D11A64F007C3E03 /* CustomErrorText.swift in Sources */ = {isa = PBXBuildFile; fileRef = EB2AAF202D11A64F007C3E03 /* CustomErrorText.swift */; };
		EB2AAF242D12AF46007C3E03 /* MainTabBarController.swift in Sources */ = {isa = PBXBuildFile; fileRef = EB2AAF232D12AF46007C3E03 /* MainTabBarController.swift */; };
		EB2AAF272D12AF9E007C3E03 /* HomeViewController.swift in Sources */ = {isa = PBXBuildFile; fileRef = EB2AAF262D12AF9E007C3E03 /* HomeViewController.swift */; };
		EB2AAF292D12AFA6007C3E03 /* HomeViewModel.swift in Sources */ = {isa = PBXBuildFile; fileRef = EB2AAF282D12AFA6007C3E03 /* HomeViewModel.swift */; };
		EB2AAF2B2D12AFB4007C3E03 /* FavoritesViewController.swift in Sources */ = {isa = PBXBuildFile; fileRef = EB2AAF2A2D12AFB4007C3E03 /* FavoritesViewController.swift */; };
		EB2AAF2D2D12AFBE007C3E03 /* FavoritesViewModel.swift in Sources */ = {isa = PBXBuildFile; fileRef = EB2AAF2C2D12AFBE007C3E03 /* FavoritesViewModel.swift */; };
		EB2AAF2F2D12F1FC007C3E03 /* BaseViewModel.swift in Sources */ = {isa = PBXBuildFile; fileRef = EB2AAF2E2D12F1FC007C3E03 /* BaseViewModel.swift */; };
		EB2AAF322D12F425007C3E03 /* Dogs.swift in Sources */ = {isa = PBXBuildFile; fileRef = EB2AAF312D12F425007C3E03 /* Dogs.swift */; };
		EBCCF9662D11672500D05128 /* AppDelegate.swift in Sources */ = {isa = PBXBuildFile; fileRef = EBCCF9652D11672500D05128 /* AppDelegate.swift */; };
		EBCCF9682D11672500D05128 /* SceneDelegate.swift in Sources */ = {isa = PBXBuildFile; fileRef = EBCCF9672D11672500D05128 /* SceneDelegate.swift */; };
		EBCCF96F2D11672600D05128 /* Assets.xcassets in Resources */ = {isa = PBXBuildFile; fileRef = EBCCF96E2D11672600D05128 /* Assets.xcassets */; };
		EBCCF97D2D11672600D05128 /* DogsApi_UIKit_MvvmTests.swift in Sources */ = {isa = PBXBuildFile; fileRef = EBCCF97C2D11672600D05128 /* DogsApi_UIKit_MvvmTests.swift */; };
		EBCCF9872D11672600D05128 /* DogsApi_UIKit_MvvmUITests.swift in Sources */ = {isa = PBXBuildFile; fileRef = EBCCF9862D11672600D05128 /* DogsApi_UIKit_MvvmUITests.swift */; };
		EBCCF9892D11672600D05128 /* DogsApi_UIKit_MvvmUITestsLaunchTests.swift in Sources */ = {isa = PBXBuildFile; fileRef = EBCCF9882D11672600D05128 /* DogsApi_UIKit_MvvmUITestsLaunchTests.swift */; };
/* End PBXBuildFile section */

/* Begin PBXContainerItemProxy section */
		EBCCF9792D11672600D05128 /* PBXContainerItemProxy */ = {
			isa = PBXContainerItemProxy;
			containerPortal = EBCCF95A2D11672500D05128 /* Project object */;
			proxyType = 1;
			remoteGlobalIDString = EBCCF9612D11672500D05128;
			remoteInfo = "DogsApi-UIKit-Mvvm";
		};
		EBCCF9832D11672600D05128 /* PBXContainerItemProxy */ = {
			isa = PBXContainerItemProxy;
			containerPortal = EBCCF95A2D11672500D05128 /* Project object */;
			proxyType = 1;
			remoteGlobalIDString = EBCCF9612D11672500D05128;
			remoteInfo = "DogsApi-UIKit-Mvvm";
		};
/* End PBXContainerItemProxy section */

/* Begin PBXFileReference section */
		EB1679C42D1C168100AD93A7 /* DogDetailViewModel.swift */ = {isa = PBXFileReference; lastKnownFileType = sourcecode.swift; path = DogDetailViewModel.swift; sourceTree = "<group>"; };
		EB1679C72D1C169F00AD93A7 /* DogDetailViewController.swift */ = {isa = PBXFileReference; lastKnownFileType = sourcecode.swift; path = DogDetailViewController.swift; sourceTree = "<group>"; };
		EB1679C92D1C259F00AD93A7 /* DogDetailModel.swift */ = {isa = PBXFileReference; lastKnownFileType = sourcecode.swift; path = DogDetailModel.swift; sourceTree = "<group>"; };
		EB2AAEEB2D116829007C3E03 /* AppCoordinator.swift */ = {isa = PBXFileReference; fileEncoding = 4; lastKnownFileType = sourcecode.swift; path = AppCoordinator.swift; sourceTree = "<group>"; };
		EB2AAEEE2D116829007C3E03 /* NetworkService.swift */ = {isa = PBXFileReference; fileEncoding = 4; lastKnownFileType = sourcecode.swift; path = NetworkService.swift; sourceTree = "<group>"; };
		EB2AAEF02D116829007C3E03 /* NetworkError.swift */ = {isa = PBXFileReference; fileEncoding = 4; lastKnownFileType = sourcecode.swift; path = NetworkError.swift; sourceTree = "<group>"; };
		EB2AAEF22D116829007C3E03 /* RealmManager.swift */ = {isa = PBXFileReference; fileEncoding = 4; lastKnownFileType = sourcecode.swift; path = RealmManager.swift; sourceTree = "<group>"; };
		EB2AAEF42D116829007C3E03 /* DogsService.swift */ = {isa = PBXFileReference; fileEncoding = 4; lastKnownFileType = sourcecode.swift; path = DogsService.swift; sourceTree = "<group>"; };
		EB2AAEF62D116829007C3E03 /* Constants.swift */ = {isa = PBXFileReference; fileEncoding = 4; lastKnownFileType = sourcecode.swift; path = Constants.swift; sourceTree = "<group>"; };
		EB2AAEF72D116829007C3E03 /* ThemeManager.swift */ = {isa = PBXFileReference; fileEncoding = 4; lastKnownFileType = sourcecode.swift; path = ThemeManager.swift; sourceTree = "<group>"; };
		EB2AAEFA2D116829007C3E03 /* String+Extensions.swift */ = {isa = PBXFileReference; fileEncoding = 4; lastKnownFileType = sourcecode.swift; path = "String+Extensions.swift"; sourceTree = "<group>"; };
		EB2AAEFF2D116829007C3E03 /* CustomButton.swift */ = {isa = PBXFileReference; fileEncoding = 4; lastKnownFileType = sourcecode.swift; path = CustomButton.swift; sourceTree = "<group>"; };
		EB2AAF012D116829007C3E03 /* DateHelper.swift */ = {isa = PBXFileReference; fileEncoding = 4; lastKnownFileType = sourcecode.swift; path = DateHelper.swift; sourceTree = "<group>"; };
		EB2AAF042D116829007C3E03 /* LoginViewController.swift */ = {isa = PBXFileReference; fileEncoding = 4; lastKnownFileType = sourcecode.swift; path = LoginViewController.swift; sourceTree = "<group>"; };
		EB2AAF052D116829007C3E03 /* LoginViewModel.swift */ = {isa = PBXFileReference; fileEncoding = 4; lastKnownFileType = sourcecode.swift; path = LoginViewModel.swift; sourceTree = "<group>"; };
		EB2AAF072D116829007C3E03 /* ProfileViewController.swift */ = {isa = PBXFileReference; fileEncoding = 4; lastKnownFileType = sourcecode.swift; path = ProfileViewController.swift; sourceTree = "<group>"; };
		EB2AAF082D116829007C3E03 /* ProfileViewModel.swift */ = {isa = PBXFileReference; fileEncoding = 4; lastKnownFileType = sourcecode.swift; path = ProfileViewModel.swift; sourceTree = "<group>"; };
		EB2AAF1E2D11A61E007C3E03 /* CustomTextField.swift */ = {isa = PBXFileReference; lastKnownFileType = sourcecode.swift; path = CustomTextField.swift; sourceTree = "<group>"; };
		EB2AAF202D11A64F007C3E03 /* CustomErrorText.swift */ = {isa = PBXFileReference; lastKnownFileType = sourcecode.swift; path = CustomErrorText.swift; sourceTree = "<group>"; };
		EB2AAF232D12AF46007C3E03 /* MainTabBarController.swift */ = {isa = PBXFileReference; lastKnownFileType = sourcecode.swift; path = MainTabBarController.swift; sourceTree = "<group>"; };
		EB2AAF262D12AF9E007C3E03 /* HomeViewController.swift */ = {isa = PBXFileReference; lastKnownFileType = sourcecode.swift; path = HomeViewController.swift; sourceTree = "<group>"; };
		EB2AAF282D12AFA6007C3E03 /* HomeViewModel.swift */ = {isa = PBXFileReference; lastKnownFileType = sourcecode.swift; path = HomeViewModel.swift; sourceTree = "<group>"; };
		EB2AAF2A2D12AFB4007C3E03 /* FavoritesViewController.swift */ = {isa = PBXFileReference; lastKnownFileType = sourcecode.swift; path = FavoritesViewController.swift; sourceTree = "<group>"; };
		EB2AAF2C2D12AFBE007C3E03 /* FavoritesViewModel.swift */ = {isa = PBXFileReference; lastKnownFileType = sourcecode.swift; path = FavoritesViewModel.swift; sourceTree = "<group>"; };
		EB2AAF2E2D12F1FC007C3E03 /* BaseViewModel.swift */ = {isa = PBXFileReference; lastKnownFileType = sourcecode.swift; path = BaseViewModel.swift; sourceTree = "<group>"; };
		EB2AAF312D12F425007C3E03 /* Dogs.swift */ = {isa = PBXFileReference; lastKnownFileType = sourcecode.swift; path = Dogs.swift; sourceTree = "<group>"; };
		EBCCF9622D11672500D05128 /* DogsApi-UIKit-Mvvm.app */ = {isa = PBXFileReference; explicitFileType = wrapper.application; includeInIndex = 0; path = "DogsApi-UIKit-Mvvm.app"; sourceTree = BUILT_PRODUCTS_DIR; };
		EBCCF9652D11672500D05128 /* AppDelegate.swift */ = {isa = PBXFileReference; lastKnownFileType = sourcecode.swift; path = AppDelegate.swift; sourceTree = "<group>"; };
		EBCCF9672D11672500D05128 /* SceneDelegate.swift */ = {isa = PBXFileReference; lastKnownFileType = sourcecode.swift; path = SceneDelegate.swift; sourceTree = "<group>"; };
		EBCCF96E2D11672600D05128 /* Assets.xcassets */ = {isa = PBXFileReference; lastKnownFileType = folder.assetcatalog; path = Assets.xcassets; sourceTree = "<group>"; };
		EBCCF9732D11672600D05128 /* Info.plist */ = {isa = PBXFileReference; lastKnownFileType = text.plist.xml; path = Info.plist; sourceTree = "<group>"; };
		EBCCF9782D11672600D05128 /* DogsApi-UIKit-MvvmTests.xctest */ = {isa = PBXFileReference; explicitFileType = wrapper.cfbundle; includeInIndex = 0; path = "DogsApi-UIKit-MvvmTests.xctest"; sourceTree = BUILT_PRODUCTS_DIR; };
		EBCCF97C2D11672600D05128 /* DogsApi_UIKit_MvvmTests.swift */ = {isa = PBXFileReference; lastKnownFileType = sourcecode.swift; path = DogsApi_UIKit_MvvmTests.swift; sourceTree = "<group>"; };
		EBCCF9822D11672600D05128 /* DogsApi-UIKit-MvvmUITests.xctest */ = {isa = PBXFileReference; explicitFileType = wrapper.cfbundle; includeInIndex = 0; path = "DogsApi-UIKit-MvvmUITests.xctest"; sourceTree = BUILT_PRODUCTS_DIR; };
		EBCCF9862D11672600D05128 /* DogsApi_UIKit_MvvmUITests.swift */ = {isa = PBXFileReference; lastKnownFileType = sourcecode.swift; path = DogsApi_UIKit_MvvmUITests.swift; sourceTree = "<group>"; };
		EBCCF9882D11672600D05128 /* DogsApi_UIKit_MvvmUITestsLaunchTests.swift */ = {isa = PBXFileReference; lastKnownFileType = sourcecode.swift; path = DogsApi_UIKit_MvvmUITestsLaunchTests.swift; sourceTree = "<group>"; };
/* End PBXFileReference section */

/* Begin PBXFrameworksBuildPhase section */
		EBCCF95F2D11672500D05128 /* Frameworks */ = {
			isa = PBXFrameworksBuildPhase;
			buildActionMask = 2147483647;
			files = (
			);
			runOnlyForDeploymentPostprocessing = 0;
		};
		EBCCF9752D11672600D05128 /* Frameworks */ = {
			isa = PBXFrameworksBuildPhase;
			buildActionMask = 2147483647;
			files = (
			);
			runOnlyForDeploymentPostprocessing = 0;
		};
		EBCCF97F2D11672600D05128 /* Frameworks */ = {
			isa = PBXFrameworksBuildPhase;
			buildActionMask = 2147483647;
			files = (
			);
			runOnlyForDeploymentPostprocessing = 0;
		};
/* End PBXFrameworksBuildPhase section */

/* Begin PBXGroup section */
		EB1679C32D1C167100AD93A7 /* DogDetail */ = {
			isa = PBXGroup;
			children = (
				EB1679C42D1C168100AD93A7 /* DogDetailViewModel.swift */,
				EB1679C72D1C169F00AD93A7 /* DogDetailViewController.swift */,
			);
			path = DogDetail;
			sourceTree = "<group>";
		};
		EB2AAEEC2D116829007C3E03 /* Coordinator */ = {
			isa = PBXGroup;
			children = (
				EB2AAEEB2D116829007C3E03 /* AppCoordinator.swift */,
			);
			path = Coordinator;
			sourceTree = "<group>";
		};
		EB2AAEED2D116829007C3E03 /* Base */ = {
			isa = PBXGroup;
			children = (
				EB2AAEEC2D116829007C3E03 /* Coordinator */,
				EB2AAF2E2D12F1FC007C3E03 /* BaseViewModel.swift */,
			);
			path = Base;
			sourceTree = "<group>";
		};
		EB2AAEF12D116829007C3E03 /* Network */ = {
			isa = PBXGroup;
			children = (
				EB2AAEEE2D116829007C3E03 /* NetworkService.swift */,
				EB2AAEF02D116829007C3E03 /* NetworkError.swift */,
			);
			path = Network;
			sourceTree = "<group>";
		};
		EB2AAEF32D116829007C3E03 /* Persistance */ = {
			isa = PBXGroup;
			children = (
				EB2AAEF22D116829007C3E03 /* RealmManager.swift */,
			);
			path = Persistance;
			sourceTree = "<group>";
		};
		EB2AAEF52D116829007C3E03 /* Services */ = {
			isa = PBXGroup;
			children = (
				EB2AAEF42D116829007C3E03 /* DogsService.swift */,
			);
			path = Services;
			sourceTree = "<group>";
		};
		EB2AAEF82D116829007C3E03 /* Utilities */ = {
			isa = PBXGroup;
			children = (
				EB2AAEF62D116829007C3E03 /* Constants.swift */,
				EB2AAEF72D116829007C3E03 /* ThemeManager.swift */,
			);
			path = Utilities;
			sourceTree = "<group>";
		};
		EB2AAEF92D116829007C3E03 /* Core */ = {
			isa = PBXGroup;
			children = (
				EB2AAF302D12F3FA007C3E03 /* Model */,
				EB2AAEED2D116829007C3E03 /* Base */,
				EB2AAEF12D116829007C3E03 /* Network */,
				EB2AAEF32D116829007C3E03 /* Persistance */,
				EB2AAEF52D116829007C3E03 /* Services */,
				EB2AAEF82D116829007C3E03 /* Utilities */,
			);
			path = Core;
			sourceTree = "<group>";
		};
		EB2AAEFB2D116829007C3E03 /* Extansions */ = {
			isa = PBXGroup;
			children = (
				EB2AAEFA2D116829007C3E03 /* String+Extensions.swift */,
			);
			path = Extansions;
			sourceTree = "<group>";
		};
		EB2AAEFE2D116829007C3E03 /* Resources */ = {
			isa = PBXGroup;
			children = (
				EBCCF96E2D11672600D05128 /* Assets.xcassets */,
			);
			path = Resources;
			sourceTree = "<group>";
		};
		EB2AAF002D116829007C3E03 /* Components */ = {
			isa = PBXGroup;
			children = (
				EB2AAEFF2D116829007C3E03 /* CustomButton.swift */,
				EB2AAF1E2D11A61E007C3E03 /* CustomTextField.swift */,
				EB2AAF202D11A64F007C3E03 /* CustomErrorText.swift */,
			);
			path = Components;
			sourceTree = "<group>";
		};
		EB2AAF022D116829007C3E03 /* Helpers */ = {
			isa = PBXGroup;
			children = (
				EB2AAF012D116829007C3E03 /* DateHelper.swift */,
			);
			path = Helpers;
			sourceTree = "<group>";
		};
		EB2AAF032D116829007C3E03 /* Shared */ = {
			isa = PBXGroup;
			children = (
				EB2AAF002D116829007C3E03 /* Components */,
				EB2AAF022D116829007C3E03 /* Helpers */,
			);
			path = Shared;
			sourceTree = "<group>";
		};
		EB2AAF062D116829007C3E03 /* Login */ = {
			isa = PBXGroup;
			children = (
				EB2AAF042D116829007C3E03 /* LoginViewController.swift */,
				EB2AAF052D116829007C3E03 /* LoginViewModel.swift */,
			);
			path = Login;
			sourceTree = "<group>";
		};
		EB2AAF092D116829007C3E03 /* Profile */ = {
			isa = PBXGroup;
			children = (
				EB2AAF072D116829007C3E03 /* ProfileViewController.swift */,
				EB2AAF082D116829007C3E03 /* ProfileViewModel.swift */,
			);
			path = Profile;
			sourceTree = "<group>";
		};
		EB2AAF0B2D116829007C3E03 /* Favorites */ = {
			isa = PBXGroup;
			children = (
				EB2AAF2A2D12AFB4007C3E03 /* FavoritesViewController.swift */,
				EB2AAF2C2D12AFBE007C3E03 /* FavoritesViewModel.swift */,
			);
			path = Favorites;
			sourceTree = "<group>";
		};
		EB2AAF0C2D116829007C3E03 /* Features */ = {
			isa = PBXGroup;
			children = (
				EB2AAF252D12AF8A007C3E03 /* Home */,
				EB2AAF222D12AF2B007C3E03 /* MainTabBar */,
				EB2AAF062D116829007C3E03 /* Login */,
				EB2AAF092D116829007C3E03 /* Profile */,
				EB2AAF0B2D116829007C3E03 /* Favorites */,
			);
			path = Features;
			sourceTree = "<group>";
		};
		EB2AAF1D2D11683B007C3E03 /* App */ = {
			isa = PBXGroup;
			children = (
				EBCCF9652D11672500D05128 /* AppDelegate.swift */,
				EBCCF9672D11672500D05128 /* SceneDelegate.swift */,
			);
			path = App;
			sourceTree = "<group>";
		};
		EB2AAF222D12AF2B007C3E03 /* MainTabBar */ = {
			isa = PBXGroup;
			children = (
				EB2AAF232D12AF46007C3E03 /* MainTabBarController.swift */,
			);
			path = MainTabBar;
			sourceTree = "<group>";
		};
		EB2AAF252D12AF8A007C3E03 /* Home */ = {
			isa = PBXGroup;
			children = (
				EB1679C32D1C167100AD93A7 /* DogDetail */,
				EB2AAF262D12AF9E007C3E03 /* HomeViewController.swift */,
				EB2AAF282D12AFA6007C3E03 /* HomeViewModel.swift */,
			);
			path = Home;
			sourceTree = "<group>";
		};
		EB2AAF302D12F3FA007C3E03 /* Model */ = {
			isa = PBXGroup;
			children = (
				EB2AAF312D12F425007C3E03 /* Dogs.swift */,
				EB1679C92D1C259F00AD93A7 /* DogDetailModel.swift */,
			);
			path = Model;
			sourceTree = "<group>";
		};
		EBCCF9592D11672500D05128 = {
			isa = PBXGroup;
			children = (
				EBCCF9642D11672500D05128 /* DogsApi-UIKit-Mvvm */,
				EBCCF97B2D11672600D05128 /* DogsApi-UIKit-MvvmTests */,
				EBCCF9852D11672600D05128 /* DogsApi-UIKit-MvvmUITests */,
				EBCCF9632D11672500D05128 /* Products */,
			);
			sourceTree = "<group>";
		};
		EBCCF9632D11672500D05128 /* Products */ = {
			isa = PBXGroup;
			children = (
				EBCCF9622D11672500D05128 /* DogsApi-UIKit-Mvvm.app */,
				EBCCF9782D11672600D05128 /* DogsApi-UIKit-MvvmTests.xctest */,
				EBCCF9822D11672600D05128 /* DogsApi-UIKit-MvvmUITests.xctest */,
			);
			name = Products;
			sourceTree = "<group>";
		};
		EBCCF9642D11672500D05128 /* DogsApi-UIKit-Mvvm */ = {
			isa = PBXGroup;
			children = (
				EB2AAF1D2D11683B007C3E03 /* App */,
				EB2AAEF92D116829007C3E03 /* Core */,
				EB2AAEFB2D116829007C3E03 /* Extansions */,
				EB2AAF0C2D116829007C3E03 /* Features */,
				EB2AAEFE2D116829007C3E03 /* Resources */,
				EB2AAF032D116829007C3E03 /* Shared */,
				EBCCF9732D11672600D05128 /* Info.plist */,
			);
			path = "DogsApi-UIKit-Mvvm";
			sourceTree = "<group>";
		};
		EBCCF97B2D11672600D05128 /* DogsApi-UIKit-MvvmTests */ = {
			isa = PBXGroup;
			children = (
				EBCCF97C2D11672600D05128 /* DogsApi_UIKit_MvvmTests.swift */,
			);
			path = "DogsApi-UIKit-MvvmTests";
			sourceTree = "<group>";
		};
		EBCCF9852D11672600D05128 /* DogsApi-UIKit-MvvmUITests */ = {
			isa = PBXGroup;
			children = (
				EBCCF9862D11672600D05128 /* DogsApi_UIKit_MvvmUITests.swift */,
				EBCCF9882D11672600D05128 /* DogsApi_UIKit_MvvmUITestsLaunchTests.swift */,
			);
			path = "DogsApi-UIKit-MvvmUITests";
			sourceTree = "<group>";
		};
/* End PBXGroup section */

/* Begin PBXNativeTarget section */
		EBCCF9612D11672500D05128 /* DogsApi-UIKit-Mvvm */ = {
			isa = PBXNativeTarget;
			buildConfigurationList = EBCCF98C2D11672600D05128 /* Build configuration list for PBXNativeTarget "DogsApi-UIKit-Mvvm" */;
			buildPhases = (
				EBCCF95E2D11672500D05128 /* Sources */,
				EBCCF95F2D11672500D05128 /* Frameworks */,
				EBCCF9602D11672500D05128 /* Resources */,
			);
			buildRules = (
			);
			dependencies = (
			);
			name = "DogsApi-UIKit-Mvvm";
			productName = "DogsApi-UIKit-Mvvm";
			productReference = EBCCF9622D11672500D05128 /* DogsApi-UIKit-Mvvm.app */;
			productType = "com.apple.product-type.application";
		};
		EBCCF9772D11672600D05128 /* DogsApi-UIKit-MvvmTests */ = {
			isa = PBXNativeTarget;
			buildConfigurationList = EBCCF98F2D11672600D05128 /* Build configuration list for PBXNativeTarget "DogsApi-UIKit-MvvmTests" */;
			buildPhases = (
				EBCCF9742D11672600D05128 /* Sources */,
				EBCCF9752D11672600D05128 /* Frameworks */,
				EBCCF9762D11672600D05128 /* Resources */,
			);
			buildRules = (
			);
			dependencies = (
				EBCCF97A2D11672600D05128 /* PBXTargetDependency */,
			);
			name = "DogsApi-UIKit-MvvmTests";
			productName = "DogsApi-UIKit-MvvmTests";
			productReference = EBCCF9782D11672600D05128 /* DogsApi-UIKit-MvvmTests.xctest */;
			productType = "com.apple.product-type.bundle.unit-test";
		};
		EBCCF9812D11672600D05128 /* DogsApi-UIKit-MvvmUITests */ = {
			isa = PBXNativeTarget;
			buildConfigurationList = EBCCF9922D11672600D05128 /* Build configuration list for PBXNativeTarget "DogsApi-UIKit-MvvmUITests" */;
			buildPhases = (
				EBCCF97E2D11672600D05128 /* Sources */,
				EBCCF97F2D11672600D05128 /* Frameworks */,
				EBCCF9802D11672600D05128 /* Resources */,
			);
			buildRules = (
			);
			dependencies = (
				EBCCF9842D11672600D05128 /* PBXTargetDependency */,
			);
			name = "DogsApi-UIKit-MvvmUITests";
			productName = "DogsApi-UIKit-MvvmUITests";
			productReference = EBCCF9822D11672600D05128 /* DogsApi-UIKit-MvvmUITests.xctest */;
			productType = "com.apple.product-type.bundle.ui-testing";
		};
/* End PBXNativeTarget section */

/* Begin PBXProject section */
		EBCCF95A2D11672500D05128 /* Project object */ = {
			isa = PBXProject;
			attributes = {
				BuildIndependentTargetsInParallel = 1;
				LastSwiftUpdateCheck = 1540;
				LastUpgradeCheck = 1540;
				TargetAttributes = {
					EBCCF9612D11672500D05128 = {
						CreatedOnToolsVersion = 15.4;
					};
					EBCCF9772D11672600D05128 = {
						CreatedOnToolsVersion = 15.4;
						TestTargetID = EBCCF9612D11672500D05128;
					};
					EBCCF9812D11672600D05128 = {
						CreatedOnToolsVersion = 15.4;
						TestTargetID = EBCCF9612D11672500D05128;
					};
				};
			};
			buildConfigurationList = EBCCF95D2D11672500D05128 /* Build configuration list for PBXProject "DogsApi-UIKit-Mvvm" */;
			compatibilityVersion = "Xcode 14.0";
			developmentRegion = en;
			hasScannedForEncodings = 0;
			knownRegions = (
				en,
				Base,
			);
			mainGroup = EBCCF9592D11672500D05128;
			productRefGroup = EBCCF9632D11672500D05128 /* Products */;
			projectDirPath = "";
			projectRoot = "";
			targets = (
				EBCCF9612D11672500D05128 /* DogsApi-UIKit-Mvvm */,
				EBCCF9772D11672600D05128 /* DogsApi-UIKit-MvvmTests */,
				EBCCF9812D11672600D05128 /* DogsApi-UIKit-MvvmUITests */,
			);
		};
/* End PBXProject section */

/* Begin PBXResourcesBuildPhase section */
		EBCCF9602D11672500D05128 /* Resources */ = {
			isa = PBXResourcesBuildPhase;
			buildActionMask = 2147483647;
			files = (
				EBCCF96F2D11672600D05128 /* Assets.xcassets in Resources */,
			);
			runOnlyForDeploymentPostprocessing = 0;
		};
		EBCCF9762D11672600D05128 /* Resources */ = {
			isa = PBXResourcesBuildPhase;
			buildActionMask = 2147483647;
			files = (
			);
			runOnlyForDeploymentPostprocessing = 0;
		};
		EBCCF9802D11672600D05128 /* Resources */ = {
			isa = PBXResourcesBuildPhase;
			buildActionMask = 2147483647;
			files = (
			);
			runOnlyForDeploymentPostprocessing = 0;
		};
/* End PBXResourcesBuildPhase section */

/* Begin PBXSourcesBuildPhase section */
		EBCCF95E2D11672500D05128 /* Sources */ = {
			isa = PBXSourcesBuildPhase;
			buildActionMask = 2147483647;
			files = (
				EB2AAF172D116829007C3E03 /* CustomButton.swift in Sources */,
				EB2AAF292D12AFA6007C3E03 /* HomeViewModel.swift in Sources */,
				EB2AAF322D12F425007C3E03 /* Dogs.swift in Sources */,
				EB2AAF0D2D116829007C3E03 /* AppCoordinator.swift in Sources */,
				EB2AAF242D12AF46007C3E03 /* MainTabBarController.swift in Sources */,
				EB2AAF112D116829007C3E03 /* RealmManager.swift in Sources */,
				EB2AAF192D116829007C3E03 /* LoginViewController.swift in Sources */,
				EB1679C82D1C169F00AD93A7 /* DogDetailViewController.swift in Sources */,
				EB2AAF2F2D12F1FC007C3E03 /* BaseViewModel.swift in Sources */,
				EB2AAF272D12AF9E007C3E03 /* HomeViewController.swift in Sources */,
				EB2AAF1A2D116829007C3E03 /* LoginViewModel.swift in Sources */,
				EB2AAF122D116829007C3E03 /* DogsService.swift in Sources */,
				EB2AAF1B2D116829007C3E03 /* ProfileViewController.swift in Sources */,
				EB1679CA2D1C259F00AD93A7 /* DogDetailModel.swift in Sources */,
				EB2AAF182D116829007C3E03 /* DateHelper.swift in Sources */,
				EB2AAF212D11A64F007C3E03 /* CustomErrorText.swift in Sources */,
				EB2AAF1F2D11A61E007C3E03 /* CustomTextField.swift in Sources */,
				EB2AAF152D116829007C3E03 /* String+Extensions.swift in Sources */,
				EBCCF9662D11672500D05128 /* AppDelegate.swift in Sources */,
				EB2AAF132D116829007C3E03 /* Constants.swift in Sources */,
				EB2AAF1C2D116829007C3E03 /* ProfileViewModel.swift in Sources */,
				EB2AAF2D2D12AFBE007C3E03 /* FavoritesViewModel.swift in Sources */,
				EB2AAF0E2D116829007C3E03 /* NetworkService.swift in Sources */,
				EBCCF9682D11672500D05128 /* SceneDelegate.swift in Sources */,
				EB1679C52D1C168100AD93A7 /* DogDetailViewModel.swift in Sources */,
				EB2AAF2B2D12AFB4007C3E03 /* FavoritesViewController.swift in Sources */,
				EB2AAF102D116829007C3E03 /* NetworkError.swift in Sources */,
				EB2AAF142D116829007C3E03 /* ThemeManager.swift in Sources */,
			);
			runOnlyForDeploymentPostprocessing = 0;
		};
		EBCCF9742D11672600D05128 /* Sources */ = {
			isa = PBXSourcesBuildPhase;
			buildActionMask = 2147483647;
			files = (
				EBCCF97D2D11672600D05128 /* DogsApi_UIKit_MvvmTests.swift in Sources */,
			);
			runOnlyForDeploymentPostprocessing = 0;
		};
		EBCCF97E2D11672600D05128 /* Sources */ = {
			isa = PBXSourcesBuildPhase;
			buildActionMask = 2147483647;
			files = (
				EBCCF9872D11672600D05128 /* DogsApi_UIKit_MvvmUITests.swift in Sources */,
				EBCCF9892D11672600D05128 /* DogsApi_UIKit_MvvmUITestsLaunchTests.swift in Sources */,
			);
			runOnlyForDeploymentPostprocessing = 0;
		};
/* End PBXSourcesBuildPhase section */

/* Begin PBXTargetDependency section */
		EBCCF97A2D11672600D05128 /* PBXTargetDependency */ = {
			isa = PBXTargetDependency;
			target = EBCCF9612D11672500D05128 /* DogsApi-UIKit-Mvvm */;
			targetProxy = EBCCF9792D11672600D05128 /* PBXContainerItemProxy */;
		};
		EBCCF9842D11672600D05128 /* PBXTargetDependency */ = {
			isa = PBXTargetDependency;
			target = EBCCF9612D11672500D05128 /* DogsApi-UIKit-Mvvm */;
			targetProxy = EBCCF9832D11672600D05128 /* PBXContainerItemProxy */;
		};
/* End PBXTargetDependency section */

/* Begin XCBuildConfiguration section */
		EBCCF98A2D11672600D05128 /* Debug */ = {
			isa = XCBuildConfiguration;
			buildSettings = {
				ALWAYS_SEARCH_USER_PATHS = NO;
				ASSETCATALOG_COMPILER_GENERATE_SWIFT_ASSET_SYMBOL_EXTENSIONS = YES;
				CLANG_ANALYZER_NONNULL = YES;
				CLANG_ANALYZER_NUMBER_OBJECT_CONVERSION = YES_AGGRESSIVE;
				CLANG_CXX_LANGUAGE_STANDARD = "gnu++20";
				CLANG_ENABLE_MODULES = YES;
				CLANG_ENABLE_OBJC_ARC = YES;
				CLANG_ENABLE_OBJC_WEAK = YES;
				CLANG_WARN_BLOCK_CAPTURE_AUTORELEASING = YES;
				CLANG_WARN_BOOL_CONVERSION = YES;
				CLANG_WARN_COMMA = YES;
				CLANG_WARN_CONSTANT_CONVERSION = YES;
				CLANG_WARN_DEPRECATED_OBJC_IMPLEMENTATIONS = YES;
				CLANG_WARN_DIRECT_OBJC_ISA_USAGE = YES_ERROR;
				CLANG_WARN_DOCUMENTATION_COMMENTS = YES;
				CLANG_WARN_EMPTY_BODY = YES;
				CLANG_WARN_ENUM_CONVERSION = YES;
				CLANG_WARN_INFINITE_RECURSION = YES;
				CLANG_WARN_INT_CONVERSION = YES;
				CLANG_WARN_NON_LITERAL_NULL_CONVERSION = YES;
				CLANG_WARN_OBJC_IMPLICIT_RETAIN_SELF = YES;
				CLANG_WARN_OBJC_LITERAL_CONVERSION = YES;
				CLANG_WARN_OBJC_ROOT_CLASS = YES_ERROR;
				CLANG_WARN_QUOTED_INCLUDE_IN_FRAMEWORK_HEADER = YES;
				CLANG_WARN_RANGE_LOOP_ANALYSIS = YES;
				CLANG_WARN_STRICT_PROTOTYPES = YES;
				CLANG_WARN_SUSPICIOUS_MOVE = YES;
				CLANG_WARN_UNGUARDED_AVAILABILITY = YES_AGGRESSIVE;
				CLANG_WARN_UNREACHABLE_CODE = YES;
				CLANG_WARN__DUPLICATE_METHOD_MATCH = YES;
				COPY_PHASE_STRIP = NO;
				DEBUG_INFORMATION_FORMAT = dwarf;
				ENABLE_STRICT_OBJC_MSGSEND = YES;
				ENABLE_TESTABILITY = YES;
				ENABLE_USER_SCRIPT_SANDBOXING = YES;
				GCC_C_LANGUAGE_STANDARD = gnu17;
				GCC_DYNAMIC_NO_PIC = NO;
				GCC_NO_COMMON_BLOCKS = YES;
				GCC_OPTIMIZATION_LEVEL = 0;
				GCC_PREPROCESSOR_DEFINITIONS = (
					"DEBUG=1",
					"$(inherited)",
				);
				GCC_WARN_64_TO_32_BIT_CONVERSION = YES;
				GCC_WARN_ABOUT_RETURN_TYPE = YES_ERROR;
				GCC_WARN_UNDECLARED_SELECTOR = YES;
				GCC_WARN_UNINITIALIZED_AUTOS = YES_AGGRESSIVE;
				GCC_WARN_UNUSED_FUNCTION = YES;
				GCC_WARN_UNUSED_VARIABLE = YES;
				IPHONEOS_DEPLOYMENT_TARGET = 17.5;
				LOCALIZATION_PREFERS_STRING_CATALOGS = YES;
				MTL_ENABLE_DEBUG_INFO = INCLUDE_SOURCE;
				MTL_FAST_MATH = YES;
				ONLY_ACTIVE_ARCH = YES;
				SDKROOT = iphoneos;
				SWIFT_ACTIVE_COMPILATION_CONDITIONS = "DEBUG $(inherited)";
				SWIFT_OPTIMIZATION_LEVEL = "-Onone";
			};
			name = Debug;
		};
		EBCCF98B2D11672600D05128 /* Release */ = {
			isa = XCBuildConfiguration;
			buildSettings = {
				ALWAYS_SEARCH_USER_PATHS = NO;
				ASSETCATALOG_COMPILER_GENERATE_SWIFT_ASSET_SYMBOL_EXTENSIONS = YES;
				CLANG_ANALYZER_NONNULL = YES;
				CLANG_ANALYZER_NUMBER_OBJECT_CONVERSION = YES_AGGRESSIVE;
				CLANG_CXX_LANGUAGE_STANDARD = "gnu++20";
				CLANG_ENABLE_MODULES = YES;
				CLANG_ENABLE_OBJC_ARC = YES;
				CLANG_ENABLE_OBJC_WEAK = YES;
				CLANG_WARN_BLOCK_CAPTURE_AUTORELEASING = YES;
				CLANG_WARN_BOOL_CONVERSION = YES;
				CLANG_WARN_COMMA = YES;
				CLANG_WARN_CONSTANT_CONVERSION = YES;
				CLANG_WARN_DEPRECATED_OBJC_IMPLEMENTATIONS = YES;
				CLANG_WARN_DIRECT_OBJC_ISA_USAGE = YES_ERROR;
				CLANG_WARN_DOCUMENTATION_COMMENTS = YES;
				CLANG_WARN_EMPTY_BODY = YES;
				CLANG_WARN_ENUM_CONVERSION = YES;
				CLANG_WARN_INFINITE_RECURSION = YES;
				CLANG_WARN_INT_CONVERSION = YES;
				CLANG_WARN_NON_LITERAL_NULL_CONVERSION = YES;
				CLANG_WARN_OBJC_IMPLICIT_RETAIN_SELF = YES;
				CLANG_WARN_OBJC_LITERAL_CONVERSION = YES;
				CLANG_WARN_OBJC_ROOT_CLASS = YES_ERROR;
				CLANG_WARN_QUOTED_INCLUDE_IN_FRAMEWORK_HEADER = YES;
				CLANG_WARN_RANGE_LOOP_ANALYSIS = YES;
				CLANG_WARN_STRICT_PROTOTYPES = YES;
				CLANG_WARN_SUSPICIOUS_MOVE = YES;
				CLANG_WARN_UNGUARDED_AVAILABILITY = YES_AGGRESSIVE;
				CLANG_WARN_UNREACHABLE_CODE = YES;
				CLANG_WARN__DUPLICATE_METHOD_MATCH = YES;
				COPY_PHASE_STRIP = NO;
				DEBUG_INFORMATION_FORMAT = "dwarf-with-dsym";
				ENABLE_NS_ASSERTIONS = NO;
				ENABLE_STRICT_OBJC_MSGSEND = YES;
				ENABLE_USER_SCRIPT_SANDBOXING = YES;
				GCC_C_LANGUAGE_STANDARD = gnu17;
				GCC_NO_COMMON_BLOCKS = YES;
				GCC_WARN_64_TO_32_BIT_CONVERSION = YES;
				GCC_WARN_ABOUT_RETURN_TYPE = YES_ERROR;
				GCC_WARN_UNDECLARED_SELECTOR = YES;
				GCC_WARN_UNINITIALIZED_AUTOS = YES_AGGRESSIVE;
				GCC_WARN_UNUSED_FUNCTION = YES;
				GCC_WARN_UNUSED_VARIABLE = YES;
				IPHONEOS_DEPLOYMENT_TARGET = 17.5;
				LOCALIZATION_PREFERS_STRING_CATALOGS = YES;
				MTL_ENABLE_DEBUG_INFO = NO;
				MTL_FAST_MATH = YES;
				SDKROOT = iphoneos;
				SWIFT_COMPILATION_MODE = wholemodule;
				VALIDATE_PRODUCT = YES;
			};
			name = Release;
		};
		EBCCF98D2D11672600D05128 /* Debug */ = {
			isa = XCBuildConfiguration;
			buildSettings = {
				ASSETCATALOG_COMPILER_APPICON_NAME = AppIcon;
				ASSETCATALOG_COMPILER_GLOBAL_ACCENT_COLOR_NAME = AccentColor;
				CODE_SIGN_STYLE = Automatic;
				CURRENT_PROJECT_VERSION = 1;
				DEVELOPMENT_TEAM = 66WM8GPD98;
				GENERATE_INFOPLIST_FILE = YES;
				INFOPLIST_FILE = "DogsApi-UIKit-Mvvm/Info.plist";
				INFOPLIST_KEY_UIApplicationSupportsIndirectInputEvents = YES;
				INFOPLIST_KEY_UILaunchStoryboardName = LaunchScreen;
				INFOPLIST_KEY_UISupportedInterfaceOrientations_iPad = "UIInterfaceOrientationPortrait UIInterfaceOrientationPortraitUpsideDown UIInterfaceOrientationLandscapeLeft UIInterfaceOrientationLandscapeRight";
				INFOPLIST_KEY_UISupportedInterfaceOrientations_iPhone = "UIInterfaceOrientationPortrait UIInterfaceOrientationLandscapeLeft UIInterfaceOrientationLandscapeRight";
				LD_RUNPATH_SEARCH_PATHS = (
					"$(inherited)",
					"@executable_path/Frameworks",
				);
				MARKETING_VERSION = 1.0;
				PRODUCT_BUNDLE_IDENTIFIER = "ahmet.DogsApi-UIKit-Mvvm";
				PRODUCT_NAME = "$(TARGET_NAME)";
				SWIFT_EMIT_LOC_STRINGS = YES;
				SWIFT_VERSION = 5.0;
				TARGETED_DEVICE_FAMILY = "1,2";
			};
			name = Debug;
		};
		EBCCF98E2D11672600D05128 /* Release */ = {
			isa = XCBuildConfiguration;
			buildSettings = {
				ASSETCATALOG_COMPILER_APPICON_NAME = AppIcon;
				ASSETCATALOG_COMPILER_GLOBAL_ACCENT_COLOR_NAME = AccentColor;
				CODE_SIGN_STYLE = Automatic;
				CURRENT_PROJECT_VERSION = 1;
				DEVELOPMENT_TEAM = 66WM8GPD98;
				GENERATE_INFOPLIST_FILE = YES;
				INFOPLIST_FILE = "DogsApi-UIKit-Mvvm/Info.plist";
				INFOPLIST_KEY_UIApplicationSupportsIndirectInputEvents = YES;
				INFOPLIST_KEY_UILaunchStoryboardName = LaunchScreen;
				INFOPLIST_KEY_UISupportedInterfaceOrientations_iPad = "UIInterfaceOrientationPortrait UIInterfaceOrientationPortraitUpsideDown UIInterfaceOrientationLandscapeLeft UIInterfaceOrientationLandscapeRight";
				INFOPLIST_KEY_UISupportedInterfaceOrientations_iPhone = "UIInterfaceOrientationPortrait UIInterfaceOrientationLandscapeLeft UIInterfaceOrientationLandscapeRight";
				LD_RUNPATH_SEARCH_PATHS = (
					"$(inherited)",
					"@executable_path/Frameworks",
				);
				MARKETING_VERSION = 1.0;
				PRODUCT_BUNDLE_IDENTIFIER = "ahmet.DogsApi-UIKit-Mvvm";
				PRODUCT_NAME = "$(TARGET_NAME)";
				SWIFT_EMIT_LOC_STRINGS = YES;
				SWIFT_VERSION = 5.0;
				TARGETED_DEVICE_FAMILY = "1,2";
			};
			name = Release;
		};
		EBCCF9902D11672600D05128 /* Debug */ = {
			isa = XCBuildConfiguration;
			buildSettings = {
				ALWAYS_EMBED_SWIFT_STANDARD_LIBRARIES = YES;
				BUNDLE_LOADER = "$(TEST_HOST)";
				CODE_SIGN_STYLE = Automatic;
				CURRENT_PROJECT_VERSION = 1;
				DEVELOPMENT_TEAM = 66WM8GPD98;
				GENERATE_INFOPLIST_FILE = YES;
				IPHONEOS_DEPLOYMENT_TARGET = 17.5;
				MARKETING_VERSION = 1.0;
				PRODUCT_BUNDLE_IDENTIFIER = "ahmet.DogsApi-UIKit-MvvmTests";
				PRODUCT_NAME = "$(TARGET_NAME)";
				SWIFT_EMIT_LOC_STRINGS = NO;
				SWIFT_VERSION = 5.0;
				TARGETED_DEVICE_FAMILY = "1,2";
				TEST_HOST = "$(BUILT_PRODUCTS_DIR)/DogsApi-UIKit-Mvvm.app/$(BUNDLE_EXECUTABLE_FOLDER_PATH)/DogsApi-UIKit-Mvvm";
			};
			name = Debug;
		};
		EBCCF9912D11672600D05128 /* Release */ = {
			isa = XCBuildConfiguration;
			buildSettings = {
				ALWAYS_EMBED_SWIFT_STANDARD_LIBRARIES = YES;
				BUNDLE_LOADER = "$(TEST_HOST)";
				CODE_SIGN_STYLE = Automatic;
				CURRENT_PROJECT_VERSION = 1;
				DEVELOPMENT_TEAM = 66WM8GPD98;
				GENERATE_INFOPLIST_FILE = YES;
				IPHONEOS_DEPLOYMENT_TARGET = 17.5;
				MARKETING_VERSION = 1.0;
				PRODUCT_BUNDLE_IDENTIFIER = "ahmet.DogsApi-UIKit-MvvmTests";
				PRODUCT_NAME = "$(TARGET_NAME)";
				SWIFT_EMIT_LOC_STRINGS = NO;
				SWIFT_VERSION = 5.0;
				TARGETED_DEVICE_FAMILY = "1,2";
				TEST_HOST = "$(BUILT_PRODUCTS_DIR)/DogsApi-UIKit-Mvvm.app/$(BUNDLE_EXECUTABLE_FOLDER_PATH)/DogsApi-UIKit-Mvvm";
			};
			name = Release;
		};
		EBCCF9932D11672600D05128 /* Debug */ = {
			isa = XCBuildConfiguration;
			buildSettings = {
				ALWAYS_EMBED_SWIFT_STANDARD_LIBRARIES = YES;
				CODE_SIGN_STYLE = Automatic;
				CURRENT_PROJECT_VERSION = 1;
				DEVELOPMENT_TEAM = 66WM8GPD98;
				GENERATE_INFOPLIST_FILE = YES;
				MARKETING_VERSION = 1.0;
				PRODUCT_BUNDLE_IDENTIFIER = "ahmet.DogsApi-UIKit-MvvmUITests";
				PRODUCT_NAME = "$(TARGET_NAME)";
				SWIFT_EMIT_LOC_STRINGS = NO;
				SWIFT_VERSION = 5.0;
				TARGETED_DEVICE_FAMILY = "1,2";
				TEST_TARGET_NAME = "DogsApi-UIKit-Mvvm";
			};
			name = Debug;
		};
		EBCCF9942D11672600D05128 /* Release */ = {
			isa = XCBuildConfiguration;
			buildSettings = {
				ALWAYS_EMBED_SWIFT_STANDARD_LIBRARIES = YES;
				CODE_SIGN_STYLE = Automatic;
				CURRENT_PROJECT_VERSION = 1;
				DEVELOPMENT_TEAM = 66WM8GPD98;
				GENERATE_INFOPLIST_FILE = YES;
				MARKETING_VERSION = 1.0;
				PRODUCT_BUNDLE_IDENTIFIER = "ahmet.DogsApi-UIKit-MvvmUITests";
				PRODUCT_NAME = "$(TARGET_NAME)";
				SWIFT_EMIT_LOC_STRINGS = NO;
				SWIFT_VERSION = 5.0;
				TARGETED_DEVICE_FAMILY = "1,2";
				TEST_TARGET_NAME = "DogsApi-UIKit-Mvvm";
			};
			name = Release;
		};
/* End XCBuildConfiguration section */

/* Begin XCConfigurationList section */
		EBCCF95D2D11672500D05128 /* Build configuration list for PBXProject "DogsApi-UIKit-Mvvm" */ = {
			isa = XCConfigurationList;
			buildConfigurations = (
				EBCCF98A2D11672600D05128 /* Debug */,
				EBCCF98B2D11672600D05128 /* Release */,
			);
			defaultConfigurationIsVisible = 0;
			defaultConfigurationName = Release;
		};
		EBCCF98C2D11672600D05128 /* Build configuration list for PBXNativeTarget "DogsApi-UIKit-Mvvm" */ = {
			isa = XCConfigurationList;
			buildConfigurations = (
				EBCCF98D2D11672600D05128 /* Debug */,
				EBCCF98E2D11672600D05128 /* Release */,
			);
			defaultConfigurationIsVisible = 0;
			defaultConfigurationName = Release;
		};
		EBCCF98F2D11672600D05128 /* Build configuration list for PBXNativeTarget "DogsApi-UIKit-MvvmTests" */ = {
			isa = XCConfigurationList;
			buildConfigurations = (
				EBCCF9902D11672600D05128 /* Debug */,
				EBCCF9912D11672600D05128 /* Release */,
			);
			defaultConfigurationIsVisible = 0;
			defaultConfigurationName = Release;
		};
		EBCCF9922D11672600D05128 /* Build configuration list for PBXNativeTarget "DogsApi-UIKit-MvvmUITests" */ = {
			isa = XCConfigurationList;
			buildConfigurations = (
				EBCCF9932D11672600D05128 /* Debug */,
				EBCCF9942D11672600D05128 /* Release */,
			);
			defaultConfigurationIsVisible = 0;
			defaultConfigurationName = Release;
		};
/* End XCConfigurationList section */
	};
	rootObject = EBCCF95A2D11672500D05128 /* Project object */;
}
